
Microsoft Visual Studio Solution File, Format Version 12.00
# Visual Studio Version 17
VisualStudioVersion = 17.1.32414.318
MinimumVisualStudioVersion = 10.0.40219.1
Project("{9A19103F-16F7-4668-BE54-9A1E7A4F7556}") = "Begenjov_B", "Begenjov_B\Begenjov_B.csproj", "{2B290C86-6BB7-454E-B6B6-768FD99CB9FF}"
EndProject
Project("{00D1A9C2-B5F0-4AF3-8072-F6C62B433612}") = "Data", "..\..\..\Desktop\IsSoft\Task_9\Task_9_1\Data.sqlproj", "{085A0D26-7D39-43C1-A6FC-8E6710CC080C}"
EndProject
Global
	GlobalSection(SolutionConfigurationPlatforms) = preSolution
		Debug|Any CPU = Debug|Any CPU
		Release|Any CPU = Release|Any CPU
	EndGlobalSection
	GlobalSection(ProjectConfigurationPlatforms) = postSolution
		{2B290C86-6BB7-454E-B6B6-768FD99CB9FF}.Debug|Any CPU.ActiveCfg = Debug|Any CPU
		{2B290C86-6BB7-454E-B6B6-768FD99CB9FF}.Debug|Any CPU.Build.0 = Debug|Any CPU
		{2B290C86-6BB7-454E-B6B6-768FD99CB9FF}.Release|Any CPU.ActiveCfg = Release|Any CPU
		{2B290C86-6BB7-454E-B6B6-768FD99CB9FF}.Release|Any CPU.Build.0 = Release|Any CPU
		{085A0D26-7D39-43C1-A6FC-8E6710CC080C}.Debug|Any CPU.ActiveCfg = Debug|Any CPU
		{085A0D26-7D39-43C1-A6FC-8E6710CC080C}.Debug|Any CPU.Build.0 = Debug|Any CPU
		{085A0D26-7D39-43C1-A6FC-8E6710CC080C}.Debug|Any CPU.Deploy.0 = Debug|Any CPU
		{085A0D26-7D39-43C1-A6FC-8E6710CC080C}.Release|Any CPU.ActiveCfg = Release|Any CPU
		{085A0D26-7D39-43C1-A6FC-8E6710CC080C}.Release|Any CPU.Build.0 = Release|Any CPU
		{085A0D26-7D39-43C1-A6FC-8E6710CC080C}.Release|Any CPU.Deploy.0 = Release|Any CPU
	EndGlobalSection
	GlobalSection(SolutionProperties) = preSolution
		HideSolutionNode = FALSE
	EndGlobalSection
	GlobalSection(ExtensibilityGlobals) = postSolution
		SolutionGuid = {5C7109E0-EFD6-474B-8580-F01560703D5E}
	EndGlobalSection
EndGlobal
